
Microsoft Visual Studio Solution File, Format Version 12.00
# Visual Studio Version 17
VisualStudioVersion = 17.5.33627.172
MinimumVisualStudioVersion = 10.0.40219.1
Project("{FAE04EC0-301F-11D3-BF4B-00C04F79EFBC}") = "Exercicios propostos parte 02", "Exercicios propostos parte 02\Exercicios propostos parte 02.csproj", "{9AFB57F7-9945-43F7-A552-0B306FCFC122}"
EndProject
Global
	GlobalSection(SolutionConfigurationPlatforms) = preSolution
		Debug|Any CPU = Debug|Any CPU
		Release|Any CPU = Release|Any CPU
	EndGlobalSection
	GlobalSection(ProjectConfigurationPlatforms) = postSolution
		{9AFB57F7-9945-43F7-A552-0B306FCFC122}.Debug|Any CPU.ActiveCfg = Debug|Any CPU
		{9AFB57F7-9945-43F7-A552-0B306FCFC122}.Debug|Any CPU.Build.0 = Debug|Any CPU
		{9AFB57F7-9945-43F7-A552-0B306FCFC122}.Release|Any CPU.ActiveCfg = Release|Any CPU
		{9AFB57F7-9945-43F7-A552-0B306FCFC122}.Release|Any CPU.Build.0 = Release|Any CPU
	EndGlobalSection
	GlobalSection(SolutionProperties) = preSolution
		HideSolutionNode = FALSE
	EndGlobalSection
	GlobalSection(ExtensibilityGlobals) = postSolution
		SolutionGuid = {DF33DBBA-ED68-4F91-B239-F6F572472CB4}
	EndGlobalSection
EndGlobal
